// !$*UTF8*$!
{
	archiveVersion = 1;
	classes = {
	};
	objectVersion = 56;
	objects = {

/* Begin PBXBuildFile section */
		952C3BF52C10419F00DF2832 /* ArcadiaGBACore.docc in Sources */ = {isa = PBXBuildFile; fileRef = 952C3BF42C10419F00DF2832 /* ArcadiaGBACore.docc */; };
		952C3BFB2C1041A000DF2832 /* ArcadiaGBACore.framework in Frameworks */ = {isa = PBXBuildFile; fileRef = 952C3BF02C10419F00DF2832 /* ArcadiaGBACore.framework */; };
		952C3C002C1041A000DF2832 /* ArcadiaGBACoreTests.swift in Sources */ = {isa = PBXBuildFile; fileRef = 952C3BFF2C1041A000DF2832 /* ArcadiaGBACoreTests.swift */; };
		952C3C012C1041A000DF2832 /* ArcadiaGBACore.h in Headers */ = {isa = PBXBuildFile; fileRef = 952C3BF32C10419F00DF2832 /* ArcadiaGBACore.h */; settings = {ATTRIBUTES = (Public, ); }; };
		952C5E942C1060C600DF2832 /* ArcadiaGBACore.swift in Sources */ = {isa = PBXBuildFile; fileRef = 952C5E932C1060C600DF2832 /* ArcadiaGBACore.swift */; };
		95CC7AD72C3BCCCE009FB8DD /* Makefile.android_arm64-v8a in Resources */ = {isa = PBXBuildFile; fileRef = 95CC7A522C3BCCCE009FB8DD /* Makefile.android_arm64-v8a */; };
		95CC7AD82C3BCCCE009FB8DD /* Makefile.android_armeabi in Resources */ = {isa = PBXBuildFile; fileRef = 95CC7A532C3BCCCE009FB8DD /* Makefile.android_armeabi */; };
		95CC7AD92C3BCCCE009FB8DD /* Makefile.android_armeabi-v7a in Resources */ = {isa = PBXBuildFile; fileRef = 95CC7A542C3BCCCE009FB8DD /* Makefile.android_armeabi-v7a */; };
		95CC7ADA2C3BCCCE009FB8DD /* Makefile.android_mips in Resources */ = {isa = PBXBuildFile; fileRef = 95CC7A552C3BCCCE009FB8DD /* Makefile.android_mips */; };
		95CC7ADB2C3BCCCE009FB8DD /* Makefile.android_mips64 in Resources */ = {isa = PBXBuildFile; fileRef = 95CC7A562C3BCCCE009FB8DD /* Makefile.android_mips64 */; };
		95CC7ADC2C3BCCCE009FB8DD /* Makefile.android_x86 in Resources */ = {isa = PBXBuildFile; fileRef = 95CC7A572C3BCCCE009FB8DD /* Makefile.android_x86 */; };
		95CC7ADD2C3BCCCE009FB8DD /* Makefile.android_x86_64 in Resources */ = {isa = PBXBuildFile; fileRef = 95CC7A582C3BCCCE009FB8DD /* Makefile.android_x86_64 */; };
		95CC7ADE2C3BCCCE009FB8DD /* Makefile.common in Resources */ = {isa = PBXBuildFile; fileRef = 95CC7A592C3BCCCE009FB8DD /* Makefile.common */; };
		95CC7ADF2C3BCCCE009FB8DD /* Makefile.linux_x86 in Resources */ = {isa = PBXBuildFile; fileRef = 95CC7A5A2C3BCCCE009FB8DD /* Makefile.linux_x86 */; };
		95CC7AE02C3BCCCE009FB8DD /* Makefile.linux_x86_64 in Resources */ = {isa = PBXBuildFile; fileRef = 95CC7A5B2C3BCCCE009FB8DD /* Makefile.linux_x86_64 */; };
		95CC7AE12C3BCCCE009FB8DD /* Makefile.linux-portable_x86 in Resources */ = {isa = PBXBuildFile; fileRef = 95CC7A5C2C3BCCCE009FB8DD /* Makefile.linux-portable_x86 */; };
		95CC7AE22C3BCCCE009FB8DD /* Makefile.linux-portable_x86_64 in Resources */ = {isa = PBXBuildFile; fileRef = 95CC7A5D2C3BCCCE009FB8DD /* Makefile.linux-portable_x86_64 */; };
		95CC7AE32C3BCCCE009FB8DD /* Makefile.mingw_x86 in Resources */ = {isa = PBXBuildFile; fileRef = 95CC7A5E2C3BCCCE009FB8DD /* Makefile.mingw_x86 */; };
		95CC7AE42C3BCCCE009FB8DD /* Makefile.mingw_x86_64 in Resources */ = {isa = PBXBuildFile; fileRef = 95CC7A5F2C3BCCCE009FB8DD /* Makefile.mingw_x86_64 */; };
		95CC7AE52C3BCCCE009FB8DD /* Makefile.osx_x86 in Resources */ = {isa = PBXBuildFile; fileRef = 95CC7A602C3BCCCE009FB8DD /* Makefile.osx_x86 */; };
		95CC7AE62C3BCCCE009FB8DD /* Makefile.osx_x86_64 in Resources */ = {isa = PBXBuildFile; fileRef = 95CC7A612C3BCCCE009FB8DD /* Makefile.osx_x86_64 */; };
		95CC7AE72C3BCCCE009FB8DD /* Makefile.rules in Resources */ = {isa = PBXBuildFile; fileRef = 95CC7A622C3BCCCE009FB8DD /* Makefile.rules */; };
		95CC7AE82C3BCCCE009FB8DD /* Makefile.vita_arm in Resources */ = {isa = PBXBuildFile; fileRef = 95CC7A632C3BCCCE009FB8DD /* Makefile.vita_arm */; };
		95CC7AE92C3BCCCE009FB8DD /* Makefile.wii_ppc in Resources */ = {isa = PBXBuildFile; fileRef = 95CC7A642C3BCCCE009FB8DD /* Makefile.wii_ppc */; };
		95CC7AEA2C3BCCCE009FB8DD /* Makefile.windows_msvc2005_x86 in Resources */ = {isa = PBXBuildFile; fileRef = 95CC7A652C3BCCCE009FB8DD /* Makefile.windows_msvc2005_x86 */; };
		95CC7AEB2C3BCCCE009FB8DD /* Makefile.windows_msvc2010_x64 in Resources */ = {isa = PBXBuildFile; fileRef = 95CC7A662C3BCCCE009FB8DD /* Makefile.windows_msvc2010_x64 */; };
		95CC7AEC2C3BCCCE009FB8DD /* Makefile.windows_msvc2010_x86 in Resources */ = {isa = PBXBuildFile; fileRef = 95CC7A672C3BCCCE009FB8DD /* Makefile.windows_msvc2010_x86 */; };
		95CC7AED2C3BCCCE009FB8DD /* Makefile.windows_msvc2017_desktop_arm in Resources */ = {isa = PBXBuildFile; fileRef = 95CC7A682C3BCCCE009FB8DD /* Makefile.windows_msvc2017_desktop_arm */; };
		95CC7AEE2C3BCCCE009FB8DD /* Makefile.windows_msvc2017_desktop_x64 in Resources */ = {isa = PBXBuildFile; fileRef = 95CC7A692C3BCCCE009FB8DD /* Makefile.windows_msvc2017_desktop_x64 */; };
		95CC7AEF2C3BCCCE009FB8DD /* Makefile.windows_msvc2017_desktop_x86 in Resources */ = {isa = PBXBuildFile; fileRef = 95CC7A6A2C3BCCCE009FB8DD /* Makefile.windows_msvc2017_desktop_x86 */; };
		95CC7AF02C3BCCCE009FB8DD /* Makefile.windows_x86 in Resources */ = {isa = PBXBuildFile; fileRef = 95CC7A6B2C3BCCCE009FB8DD /* Makefile.windows_x86 */; };
		95CC7AF12C3BCCCE009FB8DD /* Makefile.windows_x86_64 in Resources */ = {isa = PBXBuildFile; fileRef = 95CC7A6C2C3BCCCE009FB8DD /* Makefile.windows_x86_64 */; };
		95CC7AF22C3BCCCE009FB8DD /* gbaconv.c in Sources */ = {isa = PBXBuildFile; fileRef = 95CC7A6E2C3BCCCE009FB8DD /* gbaconv.c */; };
		95CC7AF32C3BCCCE009FB8DD /* Android.mk in Resources */ = {isa = PBXBuildFile; fileRef = 95CC7A702C3BCCCE009FB8DD /* Android.mk */; };
		95CC7AF42C3BCCCE009FB8DD /* Application.mk in Resources */ = {isa = PBXBuildFile; fileRef = 95CC7A712C3BCCCE009FB8DD /* Application.mk */; };
		95CC7AF52C3BCCCE009FB8DD /* libretro_core_options_intl.h in Headers */ = {isa = PBXBuildFile; fileRef = 95CC7A732C3BCCCE009FB8DD /* libretro_core_options_intl.h */; };
		95CC7AF62C3BCCCE009FB8DD /* libretro_core_options.h in Headers */ = {isa = PBXBuildFile; fileRef = 95CC7A742C3BCCCE009FB8DD /* libretro_core_options.h */; };
		95CC7AF72C3BCCCE009FB8DD /* libretro.cpp in Sources */ = {isa = PBXBuildFile; fileRef = 95CC7A752C3BCCCE009FB8DD /* libretro.cpp */; };
		95CC7AF92C3BCCCE009FB8DD /* compat_posix_string.c in Sources */ = {isa = PBXBuildFile; fileRef = 95CC7A782C3BCCCE009FB8DD /* compat_posix_string.c */; };
		95CC7AFA2C3BCCCE009FB8DD /* compat_snprintf.c in Sources */ = {isa = PBXBuildFile; fileRef = 95CC7A792C3BCCCE009FB8DD /* compat_snprintf.c */; };
		95CC7AFB2C3BCCCE009FB8DD /* compat_strcasestr.c in Sources */ = {isa = PBXBuildFile; fileRef = 95CC7A7A2C3BCCCE009FB8DD /* compat_strcasestr.c */; };
		95CC7AFC2C3BCCCE009FB8DD /* compat_strl.c in Sources */ = {isa = PBXBuildFile; fileRef = 95CC7A7B2C3BCCCE009FB8DD /* compat_strl.c */; };
		95CC7AFD2C3BCCCE009FB8DD /* fopen_utf8.c in Sources */ = {isa = PBXBuildFile; fileRef = 95CC7A7C2C3BCCCE009FB8DD /* fopen_utf8.c */; };
		95CC7AFE2C3BCCCE009FB8DD /* encoding_utf.c in Sources */ = {isa = PBXBuildFile; fileRef = 95CC7A7E2C3BCCCE009FB8DD /* encoding_utf.c */; };
		95CC7AFF2C3BCCCE009FB8DD /* file_path_io.c in Sources */ = {isa = PBXBuildFile; fileRef = 95CC7A802C3BCCCE009FB8DD /* file_path_io.c */; };
		95CC7B002C3BCCCE009FB8DD /* file_path.c in Sources */ = {isa = PBXBuildFile; fileRef = 95CC7A812C3BCCCE009FB8DD /* file_path.c */; };
		95CC7B022C3BCCCE009FB8DD /* apple_compat.h in Headers */ = {isa = PBXBuildFile; fileRef = 95CC7A852C3BCCCE009FB8DD /* apple_compat.h */; };
		95CC7B032C3BCCCE009FB8DD /* fnmatch.h in Headers */ = {isa = PBXBuildFile; fileRef = 95CC7A862C3BCCCE009FB8DD /* fnmatch.h */; };
		95CC7B042C3BCCCE009FB8DD /* fopen_utf8.h in Headers */ = {isa = PBXBuildFile; fileRef = 95CC7A872C3BCCCE009FB8DD /* fopen_utf8.h */; };
		95CC7B052C3BCCCE009FB8DD /* getopt.h in Headers */ = {isa = PBXBuildFile; fileRef = 95CC7A882C3BCCCE009FB8DD /* getopt.h */; };
		95CC7B062C3BCCCE009FB8DD /* ifaddrs.h in Headers */ = {isa = PBXBuildFile; fileRef = 95CC7A892C3BCCCE009FB8DD /* ifaddrs.h */; };
		95CC7B072C3BCCCE009FB8DD /* intrinsics.h in Headers */ = {isa = PBXBuildFile; fileRef = 95CC7A8A2C3BCCCE009FB8DD /* intrinsics.h */; };
		95CC7B082C3BCCCE009FB8DD /* msvc.h in Headers */ = {isa = PBXBuildFile; fileRef = 95CC7A8B2C3BCCCE009FB8DD /* msvc.h */; };
		95CC7B092C3BCCCE009FB8DD /* posix_string.h in Headers */ = {isa = PBXBuildFile; fileRef = 95CC7A8C2C3BCCCE009FB8DD /* posix_string.h */; };
		95CC7B0A2C3BCCCE009FB8DD /* strcasestr.h in Headers */ = {isa = PBXBuildFile; fileRef = 95CC7A8D2C3BCCCE009FB8DD /* strcasestr.h */; };
		95CC7B0B2C3BCCCE009FB8DD /* strl.h in Headers */ = {isa = PBXBuildFile; fileRef = 95CC7A8E2C3BCCCE009FB8DD /* strl.h */; };
		95CC7B0C2C3BCCCE009FB8DD /* zlib.h in Headers */ = {isa = PBXBuildFile; fileRef = 95CC7A8F2C3BCCCE009FB8DD /* zlib.h */; };
		95CC7B0D2C3BCCCE009FB8DD /* zutil.h in Headers */ = {isa = PBXBuildFile; fileRef = 95CC7A902C3BCCCE009FB8DD /* zutil.h */; };
		95CC7B0E2C3BCCCE009FB8DD /* utf.h in Headers */ = {isa = PBXBuildFile; fileRef = 95CC7A922C3BCCCE009FB8DD /* utf.h */; };
		95CC7B0F2C3BCCCE009FB8DD /* file_path.h in Headers */ = {isa = PBXBuildFile; fileRef = 95CC7A942C3BCCCE009FB8DD /* file_path.h */; };
		95CC7B102C3BCCCE009FB8DD /* rsemaphore.h in Headers */ = {isa = PBXBuildFile; fileRef = 95CC7A962C3BCCCE009FB8DD /* rsemaphore.h */; };
		95CC7B112C3BCCCE009FB8DD /* rthreads.h in Headers */ = {isa = PBXBuildFile; fileRef = 95CC7A972C3BCCCE009FB8DD /* rthreads.h */; };
		95CC7B122C3BCCCE009FB8DD /* file_stream.h in Headers */ = {isa = PBXBuildFile; fileRef = 95CC7A992C3BCCCE009FB8DD /* file_stream.h */; };
		95CC7B132C3BCCCE009FB8DD /* stdstring.h in Headers */ = {isa = PBXBuildFile; fileRef = 95CC7A9B2C3BCCCE009FB8DD /* stdstring.h */; };
		95CC7B142C3BCCCE009FB8DD /* rtime.h in Headers */ = {isa = PBXBuildFile; fileRef = 95CC7A9D2C3BCCCE009FB8DD /* rtime.h */; };
		95CC7B152C3BCCCE009FB8DD /* vfs_implementation.h in Headers */ = {isa = PBXBuildFile; fileRef = 95CC7A9F2C3BCCCE009FB8DD /* vfs_implementation.h */; };
		95CC7B162C3BCCCE009FB8DD /* vfs.h in Headers */ = {isa = PBXBuildFile; fileRef = 95CC7AA02C3BCCCE009FB8DD /* vfs.h */; };
		95CC7B172C3BCCCE009FB8DD /* boolean.h in Headers */ = {isa = PBXBuildFile; fileRef = 95CC7AA22C3BCCCE009FB8DD /* boolean.h */; };
		95CC7B182C3BCCCE009FB8DD /* libretro.h in Headers */ = {isa = PBXBuildFile; fileRef = 95CC7AA32C3BCCCE009FB8DD /* libretro.h */; };
		95CC7B192C3BCCCE009FB8DD /* memalign.h in Headers */ = {isa = PBXBuildFile; fileRef = 95CC7AA42C3BCCCE009FB8DD /* memalign.h */; };
		95CC7B1A2C3BCCCE009FB8DD /* retro_assert.h in Headers */ = {isa = PBXBuildFile; fileRef = 95CC7AA52C3BCCCE009FB8DD /* retro_assert.h */; };
		95CC7B1B2C3BCCCE009FB8DD /* retro_common_api.h in Headers */ = {isa = PBXBuildFile; fileRef = 95CC7AA62C3BCCCE009FB8DD /* retro_common_api.h */; };
		95CC7B1C2C3BCCCE009FB8DD /* retro_common.h in Headers */ = {isa = PBXBuildFile; fileRef = 95CC7AA72C3BCCCE009FB8DD /* retro_common.h */; };
		95CC7B1D2C3BCCCE009FB8DD /* retro_environment.h in Headers */ = {isa = PBXBuildFile; fileRef = 95CC7AA82C3BCCCE009FB8DD /* retro_environment.h */; };
		95CC7B1E2C3BCCCE009FB8DD /* retro_inline.h in Headers */ = {isa = PBXBuildFile; fileRef = 95CC7AA92C3BCCCE009FB8DD /* retro_inline.h */; };
		95CC7B1F2C3BCCCE009FB8DD /* retro_miscellaneous.h in Headers */ = {isa = PBXBuildFile; fileRef = 95CC7AAA2C3BCCCE009FB8DD /* retro_miscellaneous.h */; };
		95CC7B202C3BCCCE009FB8DD /* gx_pthread.h in Headers */ = {isa = PBXBuildFile; fileRef = 95CC7AAC2C3BCCCE009FB8DD /* gx_pthread.h */; };
		95CC7B212C3BCCCE009FB8DD /* psp_pthread.h in Headers */ = {isa = PBXBuildFile; fileRef = 95CC7AAD2C3BCCCE009FB8DD /* psp_pthread.h */; };
		95CC7B222C3BCCCE009FB8DD /* rsemaphore.c in Sources */ = {isa = PBXBuildFile; fileRef = 95CC7AAE2C3BCCCE009FB8DD /* rsemaphore.c */; };
		95CC7B232C3BCCCE009FB8DD /* rthreads.c in Sources */ = {isa = PBXBuildFile; fileRef = 95CC7AAF2C3BCCCE009FB8DD /* rthreads.c */; };
		95CC7B252C3BCCCE009FB8DD /* file_stream_transforms.c in Sources */ = {isa = PBXBuildFile; fileRef = 95CC7AB22C3BCCCE009FB8DD /* file_stream_transforms.c */; };
		95CC7B262C3BCCCE009FB8DD /* file_stream.c in Sources */ = {isa = PBXBuildFile; fileRef = 95CC7AB32C3BCCCE009FB8DD /* file_stream.c */; };
		95CC7B272C3BCCCE009FB8DD /* stdstring.c in Sources */ = {isa = PBXBuildFile; fileRef = 95CC7AB52C3BCCCE009FB8DD /* stdstring.c */; };
		95CC7B282C3BCCCE009FB8DD /* rtime.c in Sources */ = {isa = PBXBuildFile; fileRef = 95CC7AB72C3BCCCE009FB8DD /* rtime.c */; };
		95CC7B292C3BCCCE009FB8DD /* vfs_implementation.c in Sources */ = {isa = PBXBuildFile; fileRef = 95CC7AB92C3BCCCE009FB8DD /* vfs_implementation.c */; };
		95CC7B2A2C3BCCCE009FB8DD /* memalign.c in Sources */ = {isa = PBXBuildFile; fileRef = 95CC7ABB2C3BCCCE009FB8DD /* memalign.c */; };
		95CC7B2B2C3BCCCE009FB8DD /* gba.cpp in Sources */ = {isa = PBXBuildFile; fileRef = 95CC7ABD2C3BCCCE009FB8DD /* gba.cpp */; };
		95CC7B2C2C3BCCCE009FB8DD /* gba.h in Headers */ = {isa = PBXBuildFile; fileRef = 95CC7ABE2C3BCCCE009FB8DD /* gba.h */; };
		95CC7B2D2C3BCCCE009FB8DD /* GBACheats.h in Headers */ = {isa = PBXBuildFile; fileRef = 95CC7ABF2C3BCCCE009FB8DD /* GBACheats.h */; };
		95CC7B2E2C3BCCCE009FB8DD /* globals.h in Headers */ = {isa = PBXBuildFile; fileRef = 95CC7AC02C3BCCCE009FB8DD /* globals.h */; };
		95CC7B2F2C3BCCCE009FB8DD /* memory.cpp in Sources */ = {isa = PBXBuildFile; fileRef = 95CC7AC12C3BCCCE009FB8DD /* memory.cpp */; };
		95CC7B302C3BCCCE009FB8DD /* memory.h in Headers */ = {isa = PBXBuildFile; fileRef = 95CC7AC22C3BCCCE009FB8DD /* memory.h */; };
		95CC7B322C3BCCCE009FB8DD /* neon.h in Headers */ = {isa = PBXBuildFile; fileRef = 95CC7AC42C3BCCCE009FB8DD /* neon.h */; };
		95CC7B332C3BCCCE009FB8DD /* port.h in Headers */ = {isa = PBXBuildFile; fileRef = 95CC7AC52C3BCCCE009FB8DD /* port.h */; };
		95CC7B342C3BCCCE009FB8DD /* sound_blargg.h in Headers */ = {isa = PBXBuildFile; fileRef = 95CC7AC62C3BCCCE009FB8DD /* sound_blargg.h */; };
		95CC7B352C3BCCCE009FB8DD /* sound.cpp in Sources */ = {isa = PBXBuildFile; fileRef = 95CC7AC72C3BCCCE009FB8DD /* sound.cpp */; };
		95CC7B362C3BCCCE009FB8DD /* sound.h in Headers */ = {isa = PBXBuildFile; fileRef = 95CC7AC82C3BCCCE009FB8DD /* sound.h */; };
		95CC7B372C3BCCCE009FB8DD /* system.cpp in Sources */ = {isa = PBXBuildFile; fileRef = 95CC7AC92C3BCCCE009FB8DD /* system.cpp */; };
		95CC7B382C3BCCCE009FB8DD /* system.h in Headers */ = {isa = PBXBuildFile; fileRef = 95CC7ACA2C3BCCCE009FB8DD /* system.h */; };
		95CC7B392C3BCCCE009FB8DD /* thread.c in Sources */ = {isa = PBXBuildFile; fileRef = 95CC7ACB2C3BCCCE009FB8DD /* thread.c */; };
		95CC7B3A2C3BCCCE009FB8DD /* thread.h in Headers */ = {isa = PBXBuildFile; fileRef = 95CC7ACC2C3BCCCE009FB8DD /* thread.h */; };
		95CC7B3B2C3BCCCE009FB8DD /* types.h in Headers */ = {isa = PBXBuildFile; fileRef = 95CC7ACD2C3BCCCE009FB8DD /* types.h */; };
		95CC7B3C2C3BCCCE009FB8DD /* .gitignore in Resources */ = {isa = PBXBuildFile; fileRef = 95CC7ACF2C3BCCCE009FB8DD /* .gitignore */; };
		95CC7B3D2C3BCCCE009FB8DD /* .gitlab-ci.yml in Resources */ = {isa = PBXBuildFile; fileRef = 95CC7AD02C3BCCCE009FB8DD /* .gitlab-ci.yml */; };
		95CC7B3E2C3BCCCE009FB8DD /* .travis.yml in Resources */ = {isa = PBXBuildFile; fileRef = 95CC7AD12C3BCCCE009FB8DD /* .travis.yml */; };
		95CC7B3F2C3BCCCE009FB8DD /* LICENSE in Resources */ = {isa = PBXBuildFile; fileRef = 95CC7AD22C3BCCCE009FB8DD /* LICENSE */; };
		95CC7B402C3BCCCE009FB8DD /* Makefile in Sources */ = {isa = PBXBuildFile; fileRef = 95CC7AD32C3BCCCE009FB8DD /* Makefile */; };
		95CC7B412C3BCCCE009FB8DD /* Makefile.libretro in Resources */ = {isa = PBXBuildFile; fileRef = 95CC7AD42C3BCCCE009FB8DD /* Makefile.libretro */; };
		95CC7B452C3BCD4F009FB8DD /* ArcadiaCore.framework in Frameworks */ = {isa = PBXBuildFile; fileRef = 952C5E972C10619D00DF2832 /* ArcadiaCore.framework */; };
/* End PBXBuildFile section */

/* Begin PBXContainerItemProxy section */
		952C3BFC2C1041A000DF2832 /* PBXContainerItemProxy */ = {
			isa = PBXContainerItemProxy;
			containerPortal = 952C3BE72C10419F00DF2832 /* Project object */;
			proxyType = 1;
			remoteGlobalIDString = 952C3BEF2C10419F00DF2832;
			remoteInfo = ArcadiaGBACore;
		};
/* End PBXContainerItemProxy section */

/* Begin PBXFileReference section */
		952C3BF02C10419F00DF2832 /* ArcadiaGBACore.framework */ = {isa = PBXFileReference; explicitFileType = wrapper.framework; includeInIndex = 0; path = ArcadiaGBACore.framework; sourceTree = BUILT_PRODUCTS_DIR; };
		952C3BF32C10419F00DF2832 /* ArcadiaGBACore.h */ = {isa = PBXFileReference; lastKnownFileType = sourcecode.c.h; path = ArcadiaGBACore.h; sourceTree = "<group>"; };
		952C3BF42C10419F00DF2832 /* ArcadiaGBACore.docc */ = {isa = PBXFileReference; lastKnownFileType = folder.documentationcatalog; path = ArcadiaGBACore.docc; sourceTree = "<group>"; };
		952C3BFA2C1041A000DF2832 /* ArcadiaGBACoreTests.xctest */ = {isa = PBXFileReference; explicitFileType = wrapper.cfbundle; includeInIndex = 0; path = ArcadiaGBACoreTests.xctest; sourceTree = BUILT_PRODUCTS_DIR; };
		952C3BFF2C1041A000DF2832 /* ArcadiaGBACoreTests.swift */ = {isa = PBXFileReference; lastKnownFileType = sourcecode.swift; path = ArcadiaGBACoreTests.swift; sourceTree = "<group>"; };
		952C5E932C1060C600DF2832 /* ArcadiaGBACore.swift */ = {isa = PBXFileReference; lastKnownFileType = sourcecode.swift; path = ArcadiaGBACore.swift; sourceTree = "<group>"; };
		952C5E972C10619D00DF2832 /* ArcadiaCore.framework */ = {isa = PBXFileReference; explicitFileType = wrapper.framework; path = ArcadiaCore.framework; sourceTree = BUILT_PRODUCTS_DIR; };
		95CC7A512C3BCCCE009FB8DD /* link.T */ = {isa = PBXFileReference; fileEncoding = 4; lastKnownFileType = text; path = link.T; sourceTree = "<group>"; };
		95CC7A522C3BCCCE009FB8DD /* Makefile.android_arm64-v8a */ = {isa = PBXFileReference; fileEncoding = 4; lastKnownFileType = text; path = "Makefile.android_arm64-v8a"; sourceTree = "<group>"; };
		95CC7A532C3BCCCE009FB8DD /* Makefile.android_armeabi */ = {isa = PBXFileReference; fileEncoding = 4; lastKnownFileType = text; path = Makefile.android_armeabi; sourceTree = "<group>"; };
		95CC7A542C3BCCCE009FB8DD /* Makefile.android_armeabi-v7a */ = {isa = PBXFileReference; fileEncoding = 4; lastKnownFileType = text; path = "Makefile.android_armeabi-v7a"; sourceTree = "<group>"; };
		95CC7A552C3BCCCE009FB8DD /* Makefile.android_mips */ = {isa = PBXFileReference; fileEncoding = 4; lastKnownFileType = text; path = Makefile.android_mips; sourceTree = "<group>"; };
		95CC7A562C3BCCCE009FB8DD /* Makefile.android_mips64 */ = {isa = PBXFileReference; fileEncoding = 4; lastKnownFileType = text; path = Makefile.android_mips64; sourceTree = "<group>"; };
		95CC7A572C3BCCCE009FB8DD /* Makefile.android_x86 */ = {isa = PBXFileReference; fileEncoding = 4; lastKnownFileType = text; path = Makefile.android_x86; sourceTree = "<group>"; };
		95CC7A582C3BCCCE009FB8DD /* Makefile.android_x86_64 */ = {isa = PBXFileReference; fileEncoding = 4; lastKnownFileType = text; path = Makefile.android_x86_64; sourceTree = "<group>"; };
		95CC7A592C3BCCCE009FB8DD /* Makefile.common */ = {isa = PBXFileReference; fileEncoding = 4; lastKnownFileType = text; path = Makefile.common; sourceTree = "<group>"; };
		95CC7A5A2C3BCCCE009FB8DD /* Makefile.linux_x86 */ = {isa = PBXFileReference; fileEncoding = 4; lastKnownFileType = text; path = Makefile.linux_x86; sourceTree = "<group>"; };
		95CC7A5B2C3BCCCE009FB8DD /* Makefile.linux_x86_64 */ = {isa = PBXFileReference; fileEncoding = 4; lastKnownFileType = text; path = Makefile.linux_x86_64; sourceTree = "<group>"; };
		95CC7A5C2C3BCCCE009FB8DD /* Makefile.linux-portable_x86 */ = {isa = PBXFileReference; fileEncoding = 4; lastKnownFileType = text; path = "Makefile.linux-portable_x86"; sourceTree = "<group>"; };
		95CC7A5D2C3BCCCE009FB8DD /* Makefile.linux-portable_x86_64 */ = {isa = PBXFileReference; fileEncoding = 4; lastKnownFileType = text; path = "Makefile.linux-portable_x86_64"; sourceTree = "<group>"; };
		95CC7A5E2C3BCCCE009FB8DD /* Makefile.mingw_x86 */ = {isa = PBXFileReference; fileEncoding = 4; lastKnownFileType = text; path = Makefile.mingw_x86; sourceTree = "<group>"; };
		95CC7A5F2C3BCCCE009FB8DD /* Makefile.mingw_x86_64 */ = {isa = PBXFileReference; fileEncoding = 4; lastKnownFileType = text; path = Makefile.mingw_x86_64; sourceTree = "<group>"; };
		95CC7A602C3BCCCE009FB8DD /* Makefile.osx_x86 */ = {isa = PBXFileReference; fileEncoding = 4; lastKnownFileType = text; path = Makefile.osx_x86; sourceTree = "<group>"; };
		95CC7A612C3BCCCE009FB8DD /* Makefile.osx_x86_64 */ = {isa = PBXFileReference; fileEncoding = 4; lastKnownFileType = text; path = Makefile.osx_x86_64; sourceTree = "<group>"; };
		95CC7A622C3BCCCE009FB8DD /* Makefile.rules */ = {isa = PBXFileReference; fileEncoding = 4; lastKnownFileType = text; path = Makefile.rules; sourceTree = "<group>"; };
		95CC7A632C3BCCCE009FB8DD /* Makefile.vita_arm */ = {isa = PBXFileReference; fileEncoding = 4; lastKnownFileType = text; path = Makefile.vita_arm; sourceTree = "<group>"; };
		95CC7A642C3BCCCE009FB8DD /* Makefile.wii_ppc */ = {isa = PBXFileReference; fileEncoding = 4; lastKnownFileType = text; path = Makefile.wii_ppc; sourceTree = "<group>"; };
		95CC7A652C3BCCCE009FB8DD /* Makefile.windows_msvc2005_x86 */ = {isa = PBXFileReference; fileEncoding = 4; lastKnownFileType = text; path = Makefile.windows_msvc2005_x86; sourceTree = "<group>"; };
		95CC7A662C3BCCCE009FB8DD /* Makefile.windows_msvc2010_x64 */ = {isa = PBXFileReference; fileEncoding = 4; lastKnownFileType = text; path = Makefile.windows_msvc2010_x64; sourceTree = "<group>"; };
		95CC7A672C3BCCCE009FB8DD /* Makefile.windows_msvc2010_x86 */ = {isa = PBXFileReference; fileEncoding = 4; lastKnownFileType = text; path = Makefile.windows_msvc2010_x86; sourceTree = "<group>"; };
		95CC7A682C3BCCCE009FB8DD /* Makefile.windows_msvc2017_desktop_arm */ = {isa = PBXFileReference; fileEncoding = 4; lastKnownFileType = text; path = Makefile.windows_msvc2017_desktop_arm; sourceTree = "<group>"; };
		95CC7A692C3BCCCE009FB8DD /* Makefile.windows_msvc2017_desktop_x64 */ = {isa = PBXFileReference; fileEncoding = 4; lastKnownFileType = text; path = Makefile.windows_msvc2017_desktop_x64; sourceTree = "<group>"; };
		95CC7A6A2C3BCCCE009FB8DD /* Makefile.windows_msvc2017_desktop_x86 */ = {isa = PBXFileReference; fileEncoding = 4; lastKnownFileType = text; path = Makefile.windows_msvc2017_desktop_x86; sourceTree = "<group>"; };
		95CC7A6B2C3BCCCE009FB8DD /* Makefile.windows_x86 */ = {isa = PBXFileReference; fileEncoding = 4; lastKnownFileType = text; path = Makefile.windows_x86; sourceTree = "<group>"; };
		95CC7A6C2C3BCCCE009FB8DD /* Makefile.windows_x86_64 */ = {isa = PBXFileReference; fileEncoding = 4; lastKnownFileType = text; path = Makefile.windows_x86_64; sourceTree = "<group>"; };
		95CC7A6E2C3BCCCE009FB8DD /* gbaconv.c */ = {isa = PBXFileReference; fileEncoding = 4; lastKnownFileType = sourcecode.c.c; path = gbaconv.c; sourceTree = "<group>"; };
		95CC7A702C3BCCCE009FB8DD /* Android.mk */ = {isa = PBXFileReference; fileEncoding = 4; lastKnownFileType = text; path = Android.mk; sourceTree = "<group>"; };
		95CC7A712C3BCCCE009FB8DD /* Application.mk */ = {isa = PBXFileReference; fileEncoding = 4; lastKnownFileType = text; path = Application.mk; sourceTree = "<group>"; };
		95CC7A732C3BCCCE009FB8DD /* libretro_core_options_intl.h */ = {isa = PBXFileReference; fileEncoding = 4; lastKnownFileType = sourcecode.c.h; path = libretro_core_options_intl.h; sourceTree = "<group>"; };
		95CC7A742C3BCCCE009FB8DD /* libretro_core_options.h */ = {isa = PBXFileReference; fileEncoding = 4; lastKnownFileType = sourcecode.c.h; path = libretro_core_options.h; sourceTree = "<group>"; };
		95CC7A752C3BCCCE009FB8DD /* libretro.cpp */ = {isa = PBXFileReference; fileEncoding = 4; lastKnownFileType = sourcecode.cpp.cpp; path = libretro.cpp; sourceTree = "<group>"; };
		95CC7A762C3BCCCE009FB8DD /* link.T */ = {isa = PBXFileReference; fileEncoding = 4; lastKnownFileType = text; path = link.T; sourceTree = "<group>"; };
		95CC7A782C3BCCCE009FB8DD /* compat_posix_string.c */ = {isa = PBXFileReference; fileEncoding = 4; lastKnownFileType = sourcecode.c.c; path = compat_posix_string.c; sourceTree = "<group>"; };
		95CC7A792C3BCCCE009FB8DD /* compat_snprintf.c */ = {isa = PBXFileReference; fileEncoding = 4; lastKnownFileType = sourcecode.c.c; path = compat_snprintf.c; sourceTree = "<group>"; };
		95CC7A7A2C3BCCCE009FB8DD /* compat_strcasestr.c */ = {isa = PBXFileReference; fileEncoding = 4; lastKnownFileType = sourcecode.c.c; path = compat_strcasestr.c; sourceTree = "<group>"; };
		95CC7A7B2C3BCCCE009FB8DD /* compat_strl.c */ = {isa = PBXFileReference; fileEncoding = 4; lastKnownFileType = sourcecode.c.c; path = compat_strl.c; sourceTree = "<group>"; };
		95CC7A7C2C3BCCCE009FB8DD /* fopen_utf8.c */ = {isa = PBXFileReference; fileEncoding = 4; lastKnownFileType = sourcecode.c.c; path = fopen_utf8.c; sourceTree = "<group>"; };
		95CC7A7E2C3BCCCE009FB8DD /* encoding_utf.c */ = {isa = PBXFileReference; fileEncoding = 4; lastKnownFileType = sourcecode.c.c; path = encoding_utf.c; sourceTree = "<group>"; };
		95CC7A802C3BCCCE009FB8DD /* file_path_io.c */ = {isa = PBXFileReference; fileEncoding = 4; lastKnownFileType = sourcecode.c.c; path = file_path_io.c; sourceTree = "<group>"; };
		95CC7A812C3BCCCE009FB8DD /* file_path.c */ = {isa = PBXFileReference; fileEncoding = 4; lastKnownFileType = sourcecode.c.c; path = file_path.c; sourceTree = "<group>"; };
		95CC7A832C3BCCCE009FB8DD /* stdint.h */ = {isa = PBXFileReference; fileEncoding = 4; lastKnownFileType = sourcecode.c.h; path = stdint.h; sourceTree = "<group>"; };
		95CC7A852C3BCCCE009FB8DD /* apple_compat.h */ = {isa = PBXFileReference; fileEncoding = 4; lastKnownFileType = sourcecode.c.h; path = apple_compat.h; sourceTree = "<group>"; };
		95CC7A862C3BCCCE009FB8DD /* fnmatch.h */ = {isa = PBXFileReference; fileEncoding = 4; lastKnownFileType = sourcecode.c.h; path = fnmatch.h; sourceTree = "<group>"; };
		95CC7A872C3BCCCE009FB8DD /* fopen_utf8.h */ = {isa = PBXFileReference; fileEncoding = 4; lastKnownFileType = sourcecode.c.h; path = fopen_utf8.h; sourceTree = "<group>"; };
		95CC7A882C3BCCCE009FB8DD /* getopt.h */ = {isa = PBXFileReference; fileEncoding = 4; lastKnownFileType = sourcecode.c.h; path = getopt.h; sourceTree = "<group>"; };
		95CC7A892C3BCCCE009FB8DD /* ifaddrs.h */ = {isa = PBXFileReference; fileEncoding = 4; lastKnownFileType = sourcecode.c.h; path = ifaddrs.h; sourceTree = "<group>"; };
		95CC7A8A2C3BCCCE009FB8DD /* intrinsics.h */ = {isa = PBXFileReference; fileEncoding = 4; lastKnownFileType = sourcecode.c.h; path = intrinsics.h; sourceTree = "<group>"; };
		95CC7A8B2C3BCCCE009FB8DD /* msvc.h */ = {isa = PBXFileReference; fileEncoding = 4; lastKnownFileType = sourcecode.c.h; path = msvc.h; sourceTree = "<group>"; };
		95CC7A8C2C3BCCCE009FB8DD /* posix_string.h */ = {isa = PBXFileReference; fileEncoding = 4; lastKnownFileType = sourcecode.c.h; path = posix_string.h; sourceTree = "<group>"; };
		95CC7A8D2C3BCCCE009FB8DD /* strcasestr.h */ = {isa = PBXFileReference; fileEncoding = 4; lastKnownFileType = sourcecode.c.h; path = strcasestr.h; sourceTree = "<group>"; };
		95CC7A8E2C3BCCCE009FB8DD /* strl.h */ = {isa = PBXFileReference; fileEncoding = 4; lastKnownFileType = sourcecode.c.h; path = strl.h; sourceTree = "<group>"; };
		95CC7A8F2C3BCCCE009FB8DD /* zlib.h */ = {isa = PBXFileReference; fileEncoding = 4; lastKnownFileType = sourcecode.c.h; path = zlib.h; sourceTree = "<group>"; };
		95CC7A902C3BCCCE009FB8DD /* zutil.h */ = {isa = PBXFileReference; fileEncoding = 4; lastKnownFileType = sourcecode.c.h; path = zutil.h; sourceTree = "<group>"; };
		95CC7A922C3BCCCE009FB8DD /* utf.h */ = {isa = PBXFileReference; fileEncoding = 4; lastKnownFileType = sourcecode.c.h; path = utf.h; sourceTree = "<group>"; };
		95CC7A942C3BCCCE009FB8DD /* file_path.h */ = {isa = PBXFileReference; fileEncoding = 4; lastKnownFileType = sourcecode.c.h; path = file_path.h; sourceTree = "<group>"; };
		95CC7A962C3BCCCE009FB8DD /* rsemaphore.h */ = {isa = PBXFileReference; fileEncoding = 4; lastKnownFileType = sourcecode.c.h; path = rsemaphore.h; sourceTree = "<group>"; };
		95CC7A972C3BCCCE009FB8DD /* rthreads.h */ = {isa = PBXFileReference; fileEncoding = 4; lastKnownFileType = sourcecode.c.h; path = rthreads.h; sourceTree = "<group>"; };
		95CC7A992C3BCCCE009FB8DD /* file_stream.h */ = {isa = PBXFileReference; fileEncoding = 4; lastKnownFileType = sourcecode.c.h; path = file_stream.h; sourceTree = "<group>"; };
		95CC7A9B2C3BCCCE009FB8DD /* stdstring.h */ = {isa = PBXFileReference; fileEncoding = 4; lastKnownFileType = sourcecode.c.h; path = stdstring.h; sourceTree = "<group>"; };
		95CC7A9D2C3BCCCE009FB8DD /* rtime.h */ = {isa = PBXFileReference; fileEncoding = 4; lastKnownFileType = sourcecode.c.h; path = rtime.h; sourceTree = "<group>"; };
		95CC7A9F2C3BCCCE009FB8DD /* vfs_implementation.h */ = {isa = PBXFileReference; fileEncoding = 4; lastKnownFileType = sourcecode.c.h; path = vfs_implementation.h; sourceTree = "<group>"; };
		95CC7AA02C3BCCCE009FB8DD /* vfs.h */ = {isa = PBXFileReference; fileEncoding = 4; lastKnownFileType = sourcecode.c.h; path = vfs.h; sourceTree = "<group>"; };
		95CC7AA22C3BCCCE009FB8DD /* boolean.h */ = {isa = PBXFileReference; fileEncoding = 4; lastKnownFileType = sourcecode.c.h; path = boolean.h; sourceTree = "<group>"; };
		95CC7AA32C3BCCCE009FB8DD /* libretro.h */ = {isa = PBXFileReference; fileEncoding = 4; lastKnownFileType = sourcecode.c.h; path = libretro.h; sourceTree = "<group>"; };
		95CC7AA42C3BCCCE009FB8DD /* memalign.h */ = {isa = PBXFileReference; fileEncoding = 4; lastKnownFileType = sourcecode.c.h; path = memalign.h; sourceTree = "<group>"; };
		95CC7AA52C3BCCCE009FB8DD /* retro_assert.h */ = {isa = PBXFileReference; fileEncoding = 4; lastKnownFileType = sourcecode.c.h; path = retro_assert.h; sourceTree = "<group>"; };
		95CC7AA62C3BCCCE009FB8DD /* retro_common_api.h */ = {isa = PBXFileReference; fileEncoding = 4; lastKnownFileType = sourcecode.c.h; path = retro_common_api.h; sourceTree = "<group>"; };
		95CC7AA72C3BCCCE009FB8DD /* retro_common.h */ = {isa = PBXFileReference; fileEncoding = 4; lastKnownFileType = sourcecode.c.h; path = retro_common.h; sourceTree = "<group>"; };
		95CC7AA82C3BCCCE009FB8DD /* retro_environment.h */ = {isa = PBXFileReference; fileEncoding = 4; lastKnownFileType = sourcecode.c.h; path = retro_environment.h; sourceTree = "<group>"; };
		95CC7AA92C3BCCCE009FB8DD /* retro_inline.h */ = {isa = PBXFileReference; fileEncoding = 4; lastKnownFileType = sourcecode.c.h; path = retro_inline.h; sourceTree = "<group>"; };
		95CC7AAA2C3BCCCE009FB8DD /* retro_miscellaneous.h */ = {isa = PBXFileReference; fileEncoding = 4; lastKnownFileType = sourcecode.c.h; path = retro_miscellaneous.h; sourceTree = "<group>"; };
		95CC7AAC2C3BCCCE009FB8DD /* gx_pthread.h */ = {isa = PBXFileReference; fileEncoding = 4; lastKnownFileType = sourcecode.c.h; path = gx_pthread.h; sourceTree = "<group>"; };
		95CC7AAD2C3BCCCE009FB8DD /* psp_pthread.h */ = {isa = PBXFileReference; fileEncoding = 4; lastKnownFileType = sourcecode.c.h; path = psp_pthread.h; sourceTree = "<group>"; };
		95CC7AAE2C3BCCCE009FB8DD /* rsemaphore.c */ = {isa = PBXFileReference; fileEncoding = 4; lastKnownFileType = sourcecode.c.c; path = rsemaphore.c; sourceTree = "<group>"; };
		95CC7AAF2C3BCCCE009FB8DD /* rthreads.c */ = {isa = PBXFileReference; fileEncoding = 4; lastKnownFileType = sourcecode.c.c; path = rthreads.c; sourceTree = "<group>"; };
		95CC7AB02C3BCCCE009FB8DD /* xenon_sdl_threads.c */ = {isa = PBXFileReference; fileEncoding = 4; lastKnownFileType = sourcecode.c.c; path = xenon_sdl_threads.c; sourceTree = "<group>"; };
		95CC7AB22C3BCCCE009FB8DD /* file_stream_transforms.c */ = {isa = PBXFileReference; fileEncoding = 4; lastKnownFileType = sourcecode.c.c; path = file_stream_transforms.c; sourceTree = "<group>"; };
		95CC7AB32C3BCCCE009FB8DD /* file_stream.c */ = {isa = PBXFileReference; fileEncoding = 4; lastKnownFileType = sourcecode.c.c; path = file_stream.c; sourceTree = "<group>"; };
		95CC7AB52C3BCCCE009FB8DD /* stdstring.c */ = {isa = PBXFileReference; fileEncoding = 4; lastKnownFileType = sourcecode.c.c; path = stdstring.c; sourceTree = "<group>"; };
		95CC7AB72C3BCCCE009FB8DD /* rtime.c */ = {isa = PBXFileReference; fileEncoding = 4; lastKnownFileType = sourcecode.c.c; path = rtime.c; sourceTree = "<group>"; };
		95CC7AB92C3BCCCE009FB8DD /* vfs_implementation.c */ = {isa = PBXFileReference; fileEncoding = 4; lastKnownFileType = sourcecode.c.c; path = vfs_implementation.c; sourceTree = "<group>"; };
		95CC7ABB2C3BCCCE009FB8DD /* memalign.c */ = {isa = PBXFileReference; fileEncoding = 4; lastKnownFileType = sourcecode.c.c; path = memalign.c; sourceTree = "<group>"; };
		95CC7ABD2C3BCCCE009FB8DD /* gba.cpp */ = {isa = PBXFileReference; fileEncoding = 4; lastKnownFileType = sourcecode.cpp.cpp; path = gba.cpp; sourceTree = "<group>"; };
		95CC7ABE2C3BCCCE009FB8DD /* gba.h */ = {isa = PBXFileReference; fileEncoding = 4; lastKnownFileType = sourcecode.c.h; path = gba.h; sourceTree = "<group>"; };
		95CC7ABF2C3BCCCE009FB8DD /* GBACheats.h */ = {isa = PBXFileReference; fileEncoding = 4; lastKnownFileType = sourcecode.c.h; path = GBACheats.h; sourceTree = "<group>"; };
		95CC7AC02C3BCCCE009FB8DD /* globals.h */ = {isa = PBXFileReference; fileEncoding = 4; lastKnownFileType = sourcecode.c.h; path = globals.h; sourceTree = "<group>"; };
		95CC7AC12C3BCCCE009FB8DD /* memory.cpp */ = {isa = PBXFileReference; fileEncoding = 4; lastKnownFileType = sourcecode.cpp.cpp; path = memory.cpp; sourceTree = "<group>"; };
		95CC7AC22C3BCCCE009FB8DD /* memory.h */ = {isa = PBXFileReference; fileEncoding = 4; lastKnownFileType = sourcecode.c.h; path = memory.h; sourceTree = "<group>"; };
		95CC7AC32C3BCCCE009FB8DD /* neon_memcpy.S */ = {isa = PBXFileReference; fileEncoding = 4; lastKnownFileType = sourcecode.asm; path = neon_memcpy.S; sourceTree = "<group>"; };
		95CC7AC42C3BCCCE009FB8DD /* neon.h */ = {isa = PBXFileReference; fileEncoding = 4; lastKnownFileType = sourcecode.c.h; path = neon.h; sourceTree = "<group>"; };
		95CC7AC52C3BCCCE009FB8DD /* port.h */ = {isa = PBXFileReference; fileEncoding = 4; lastKnownFileType = sourcecode.c.h; path = port.h; sourceTree = "<group>"; };
		95CC7AC62C3BCCCE009FB8DD /* sound_blargg.h */ = {isa = PBXFileReference; fileEncoding = 4; lastKnownFileType = sourcecode.c.h; path = sound_blargg.h; sourceTree = "<group>"; };
		95CC7AC72C3BCCCE009FB8DD /* sound.cpp */ = {isa = PBXFileReference; fileEncoding = 4; lastKnownFileType = sourcecode.cpp.cpp; path = sound.cpp; sourceTree = "<group>"; };
		95CC7AC82C3BCCCE009FB8DD /* sound.h */ = {isa = PBXFileReference; fileEncoding = 4; lastKnownFileType = sourcecode.c.h; path = sound.h; sourceTree = "<group>"; };
		95CC7AC92C3BCCCE009FB8DD /* system.cpp */ = {isa = PBXFileReference; fileEncoding = 4; lastKnownFileType = sourcecode.cpp.cpp; path = system.cpp; sourceTree = "<group>"; };
		95CC7ACA2C3BCCCE009FB8DD /* system.h */ = {isa = PBXFileReference; fileEncoding = 4; lastKnownFileType = sourcecode.c.h; path = system.h; sourceTree = "<group>"; };
		95CC7ACB2C3BCCCE009FB8DD /* thread.c */ = {isa = PBXFileReference; fileEncoding = 4; lastKnownFileType = sourcecode.c.c; path = thread.c; sourceTree = "<group>"; };
		95CC7ACC2C3BCCCE009FB8DD /* thread.h */ = {isa = PBXFileReference; fileEncoding = 4; lastKnownFileType = sourcecode.c.h; path = thread.h; sourceTree = "<group>"; };
		95CC7ACD2C3BCCCE009FB8DD /* types.h */ = {isa = PBXFileReference; fileEncoding = 4; lastKnownFileType = sourcecode.c.h; path = types.h; sourceTree = "<group>"; };
		95CC7ACF2C3BCCCE009FB8DD /* .gitignore */ = {isa = PBXFileReference; fileEncoding = 4; lastKnownFileType = text; path = .gitignore; sourceTree = "<group>"; };
		95CC7AD02C3BCCCE009FB8DD /* .gitlab-ci.yml */ = {isa = PBXFileReference; fileEncoding = 4; lastKnownFileType = text.yaml; path = ".gitlab-ci.yml"; sourceTree = "<group>"; };
		95CC7AD12C3BCCCE009FB8DD /* .travis.yml */ = {isa = PBXFileReference; fileEncoding = 4; lastKnownFileType = text.yaml; path = .travis.yml; sourceTree = "<group>"; };
		95CC7AD22C3BCCCE009FB8DD /* LICENSE */ = {isa = PBXFileReference; fileEncoding = 4; lastKnownFileType = text; path = LICENSE; sourceTree = "<group>"; };
		95CC7AD32C3BCCCE009FB8DD /* Makefile */ = {isa = PBXFileReference; fileEncoding = 4; lastKnownFileType = sourcecode.make; path = Makefile; sourceTree = "<group>"; };
		95CC7AD42C3BCCCE009FB8DD /* Makefile.libretro */ = {isa = PBXFileReference; fileEncoding = 4; lastKnownFileType = text; path = Makefile.libretro; sourceTree = "<group>"; };
/* End PBXFileReference section */

/* Begin PBXFrameworksBuildPhase section */
		952C3BED2C10419F00DF2832 /* Frameworks */ = {
			isa = PBXFrameworksBuildPhase;
			buildActionMask = 2147483647;
			files = (
				95CC7B452C3BCD4F009FB8DD /* ArcadiaCore.framework in Frameworks */,
			);
			runOnlyForDeploymentPostprocessing = 0;
		};
		952C3BF72C1041A000DF2832 /* Frameworks */ = {
			isa = PBXFrameworksBuildPhase;
			buildActionMask = 2147483647;
			files = (
				952C3BFB2C1041A000DF2832 /* ArcadiaGBACore.framework in Frameworks */,
			);
			runOnlyForDeploymentPostprocessing = 0;
		};
/* End PBXFrameworksBuildPhase section */

/* Begin PBXGroup section */
		952C3BE62C10419F00DF2832 = {
			isa = PBXGroup;
			children = (
				952C3BF22C10419F00DF2832 /* ArcadiaGBACore */,
				952C3BFE2C1041A000DF2832 /* ArcadiaGBACoreTests */,
				952C3BF12C10419F00DF2832 /* Products */,
				952C5E952C10610600DF2832 /* Frameworks */,
			);
			sourceTree = "<group>";
		};
		952C3BF12C10419F00DF2832 /* Products */ = {
			isa = PBXGroup;
			children = (
				952C3BF02C10419F00DF2832 /* ArcadiaGBACore.framework */,
				952C3BFA2C1041A000DF2832 /* ArcadiaGBACoreTests.xctest */,
			);
			name = Products;
			sourceTree = "<group>";
		};
		952C3BF22C10419F00DF2832 /* ArcadiaGBACore */ = {
			isa = PBXGroup;
			children = (
				95CC7AD52C3BCCCE009FB8DD /* vba-next */,
				952C3BF32C10419F00DF2832 /* ArcadiaGBACore.h */,
				952C3BF42C10419F00DF2832 /* ArcadiaGBACore.docc */,
				952C5E932C1060C600DF2832 /* ArcadiaGBACore.swift */,
			);
			path = ArcadiaGBACore;
			sourceTree = "<group>";
		};
		952C3BFE2C1041A000DF2832 /* ArcadiaGBACoreTests */ = {
			isa = PBXGroup;
			children = (
				952C3BFF2C1041A000DF2832 /* ArcadiaGBACoreTests.swift */,
			);
			path = ArcadiaGBACoreTests;
			sourceTree = "<group>";
		};
		952C5E952C10610600DF2832 /* Frameworks */ = {
			isa = PBXGroup;
			children = (
				952C5E972C10619D00DF2832 /* ArcadiaCore.framework */,
			);
			name = Frameworks;
			sourceTree = "<group>";
		};
		95CC7A6D2C3BCCCE009FB8DD /* build */ = {
			isa = PBXGroup;
			children = (
				95CC7A512C3BCCCE009FB8DD /* link.T */,
				95CC7A522C3BCCCE009FB8DD /* Makefile.android_arm64-v8a */,
				95CC7A532C3BCCCE009FB8DD /* Makefile.android_armeabi */,
				95CC7A542C3BCCCE009FB8DD /* Makefile.android_armeabi-v7a */,
				95CC7A552C3BCCCE009FB8DD /* Makefile.android_mips */,
				95CC7A562C3BCCCE009FB8DD /* Makefile.android_mips64 */,
				95CC7A572C3BCCCE009FB8DD /* Makefile.android_x86 */,
				95CC7A582C3BCCCE009FB8DD /* Makefile.android_x86_64 */,
				95CC7A592C3BCCCE009FB8DD /* Makefile.common */,
				95CC7A5A2C3BCCCE009FB8DD /* Makefile.linux_x86 */,
				95CC7A5B2C3BCCCE009FB8DD /* Makefile.linux_x86_64 */,
				95CC7A5C2C3BCCCE009FB8DD /* Makefile.linux-portable_x86 */,
				95CC7A5D2C3BCCCE009FB8DD /* Makefile.linux-portable_x86_64 */,
				95CC7A5E2C3BCCCE009FB8DD /* Makefile.mingw_x86 */,
				95CC7A5F2C3BCCCE009FB8DD /* Makefile.mingw_x86_64 */,
				95CC7A602C3BCCCE009FB8DD /* Makefile.osx_x86 */,
				95CC7A612C3BCCCE009FB8DD /* Makefile.osx_x86_64 */,
				95CC7A622C3BCCCE009FB8DD /* Makefile.rules */,
				95CC7A632C3BCCCE009FB8DD /* Makefile.vita_arm */,
				95CC7A642C3BCCCE009FB8DD /* Makefile.wii_ppc */,
				95CC7A652C3BCCCE009FB8DD /* Makefile.windows_msvc2005_x86 */,
				95CC7A662C3BCCCE009FB8DD /* Makefile.windows_msvc2010_x64 */,
				95CC7A672C3BCCCE009FB8DD /* Makefile.windows_msvc2010_x86 */,
				95CC7A682C3BCCCE009FB8DD /* Makefile.windows_msvc2017_desktop_arm */,
				95CC7A692C3BCCCE009FB8DD /* Makefile.windows_msvc2017_desktop_x64 */,
				95CC7A6A2C3BCCCE009FB8DD /* Makefile.windows_msvc2017_desktop_x86 */,
				95CC7A6B2C3BCCCE009FB8DD /* Makefile.windows_x86 */,
				95CC7A6C2C3BCCCE009FB8DD /* Makefile.windows_x86_64 */,
			);
			path = build;
			sourceTree = "<group>";
		};
		95CC7A6F2C3BCCCE009FB8DD /* gbaconv */ = {
			isa = PBXGroup;
			children = (
				95CC7A6E2C3BCCCE009FB8DD /* gbaconv.c */,
			);
			path = gbaconv;
			sourceTree = "<group>";
		};
		95CC7A722C3BCCCE009FB8DD /* jni */ = {
			isa = PBXGroup;
			children = (
				95CC7A702C3BCCCE009FB8DD /* Android.mk */,
				95CC7A712C3BCCCE009FB8DD /* Application.mk */,
			);
			path = jni;
			sourceTree = "<group>";
		};
		95CC7A772C3BCCCE009FB8DD /* libretro */ = {
			isa = PBXGroup;
			children = (
				95CC7A6F2C3BCCCE009FB8DD /* gbaconv */,
				95CC7A722C3BCCCE009FB8DD /* jni */,
				95CC7A732C3BCCCE009FB8DD /* libretro_core_options_intl.h */,
				95CC7A742C3BCCCE009FB8DD /* libretro_core_options.h */,
				95CC7A752C3BCCCE009FB8DD /* libretro.cpp */,
				95CC7A762C3BCCCE009FB8DD /* link.T */,
			);
			path = libretro;
			sourceTree = "<group>";
		};
		95CC7A7D2C3BCCCE009FB8DD /* compat */ = {
			isa = PBXGroup;
			children = (
				95CC7A782C3BCCCE009FB8DD /* compat_posix_string.c */,
				95CC7A792C3BCCCE009FB8DD /* compat_snprintf.c */,
				95CC7A7A2C3BCCCE009FB8DD /* compat_strcasestr.c */,
				95CC7A7B2C3BCCCE009FB8DD /* compat_strl.c */,
				95CC7A7C2C3BCCCE009FB8DD /* fopen_utf8.c */,
			);
			path = compat;
			sourceTree = "<group>";
		};
		95CC7A7F2C3BCCCE009FB8DD /* encodings */ = {
			isa = PBXGroup;
			children = (
				95CC7A7E2C3BCCCE009FB8DD /* encoding_utf.c */,
			);
			path = encodings;
			sourceTree = "<group>";
		};
		95CC7A822C3BCCCE009FB8DD /* file */ = {
			isa = PBXGroup;
			children = (
				95CC7A802C3BCCCE009FB8DD /* file_path_io.c */,
				95CC7A812C3BCCCE009FB8DD /* file_path.c */,
			);
			path = file;
			sourceTree = "<group>";
		};
		95CC7A842C3BCCCE009FB8DD /* msvc */ = {
			isa = PBXGroup;
			children = (
				95CC7A832C3BCCCE009FB8DD /* stdint.h */,
			);
			path = msvc;
			sourceTree = "<group>";
		};
		95CC7A912C3BCCCE009FB8DD /* compat */ = {
			isa = PBXGroup;
			children = (
				95CC7A842C3BCCCE009FB8DD /* msvc */,
				95CC7A852C3BCCCE009FB8DD /* apple_compat.h */,
				95CC7A862C3BCCCE009FB8DD /* fnmatch.h */,
				95CC7A872C3BCCCE009FB8DD /* fopen_utf8.h */,
				95CC7A882C3BCCCE009FB8DD /* getopt.h */,
				95CC7A892C3BCCCE009FB8DD /* ifaddrs.h */,
				95CC7A8A2C3BCCCE009FB8DD /* intrinsics.h */,
				95CC7A8B2C3BCCCE009FB8DD /* msvc.h */,
				95CC7A8C2C3BCCCE009FB8DD /* posix_string.h */,
				95CC7A8D2C3BCCCE009FB8DD /* strcasestr.h */,
				95CC7A8E2C3BCCCE009FB8DD /* strl.h */,
				95CC7A8F2C3BCCCE009FB8DD /* zlib.h */,
				95CC7A902C3BCCCE009FB8DD /* zutil.h */,
			);
			path = compat;
			sourceTree = "<group>";
		};
		95CC7A932C3BCCCE009FB8DD /* encodings */ = {
			isa = PBXGroup;
			children = (
				95CC7A922C3BCCCE009FB8DD /* utf.h */,
			);
			path = encodings;
			sourceTree = "<group>";
		};
		95CC7A952C3BCCCE009FB8DD /* file */ = {
			isa = PBXGroup;
			children = (
				95CC7A942C3BCCCE009FB8DD /* file_path.h */,
			);
			path = file;
			sourceTree = "<group>";
		};
		95CC7A982C3BCCCE009FB8DD /* rthreads */ = {
			isa = PBXGroup;
			children = (
				95CC7A962C3BCCCE009FB8DD /* rsemaphore.h */,
				95CC7A972C3BCCCE009FB8DD /* rthreads.h */,
			);
			path = rthreads;
			sourceTree = "<group>";
		};
		95CC7A9A2C3BCCCE009FB8DD /* streams */ = {
			isa = PBXGroup;
			children = (
				95CC7A992C3BCCCE009FB8DD /* file_stream.h */,
			);
			path = streams;
			sourceTree = "<group>";
		};
		95CC7A9C2C3BCCCE009FB8DD /* string */ = {
			isa = PBXGroup;
			children = (
				95CC7A9B2C3BCCCE009FB8DD /* stdstring.h */,
			);
			path = string;
			sourceTree = "<group>";
		};
		95CC7A9E2C3BCCCE009FB8DD /* time */ = {
			isa = PBXGroup;
			children = (
				95CC7A9D2C3BCCCE009FB8DD /* rtime.h */,
			);
			path = time;
			sourceTree = "<group>";
		};
		95CC7AA12C3BCCCE009FB8DD /* vfs */ = {
			isa = PBXGroup;
			children = (
				95CC7A9F2C3BCCCE009FB8DD /* vfs_implementation.h */,
				95CC7AA02C3BCCCE009FB8DD /* vfs.h */,
			);
			path = vfs;
			sourceTree = "<group>";
		};
		95CC7AAB2C3BCCCE009FB8DD /* include */ = {
			isa = PBXGroup;
			children = (
				95CC7A912C3BCCCE009FB8DD /* compat */,
				95CC7A932C3BCCCE009FB8DD /* encodings */,
				95CC7A952C3BCCCE009FB8DD /* file */,
				95CC7A982C3BCCCE009FB8DD /* rthreads */,
				95CC7A9A2C3BCCCE009FB8DD /* streams */,
				95CC7A9C2C3BCCCE009FB8DD /* string */,
				95CC7A9E2C3BCCCE009FB8DD /* time */,
				95CC7AA12C3BCCCE009FB8DD /* vfs */,
				95CC7AA22C3BCCCE009FB8DD /* boolean.h */,
				95CC7AA32C3BCCCE009FB8DD /* libretro.h */,
				95CC7AA42C3BCCCE009FB8DD /* memalign.h */,
				95CC7AA52C3BCCCE009FB8DD /* retro_assert.h */,
				95CC7AA62C3BCCCE009FB8DD /* retro_common_api.h */,
				95CC7AA72C3BCCCE009FB8DD /* retro_common.h */,
				95CC7AA82C3BCCCE009FB8DD /* retro_environment.h */,
				95CC7AA92C3BCCCE009FB8DD /* retro_inline.h */,
				95CC7AAA2C3BCCCE009FB8DD /* retro_miscellaneous.h */,
			);
			path = include;
			sourceTree = "<group>";
		};
		95CC7AB12C3BCCCE009FB8DD /* rthreads */ = {
			isa = PBXGroup;
			children = (
				95CC7AAC2C3BCCCE009FB8DD /* gx_pthread.h */,
				95CC7AAD2C3BCCCE009FB8DD /* psp_pthread.h */,
				95CC7AAE2C3BCCCE009FB8DD /* rsemaphore.c */,
				95CC7AAF2C3BCCCE009FB8DD /* rthreads.c */,
				95CC7AB02C3BCCCE009FB8DD /* xenon_sdl_threads.c */,
			);
			path = rthreads;
			sourceTree = "<group>";
		};
		95CC7AB42C3BCCCE009FB8DD /* streams */ = {
			isa = PBXGroup;
			children = (
				95CC7AB22C3BCCCE009FB8DD /* file_stream_transforms.c */,
				95CC7AB32C3BCCCE009FB8DD /* file_stream.c */,
			);
			path = streams;
			sourceTree = "<group>";
		};
		95CC7AB62C3BCCCE009FB8DD /* string */ = {
			isa = PBXGroup;
			children = (
				95CC7AB52C3BCCCE009FB8DD /* stdstring.c */,
			);
			path = string;
			sourceTree = "<group>";
		};
		95CC7AB82C3BCCCE009FB8DD /* time */ = {
			isa = PBXGroup;
			children = (
				95CC7AB72C3BCCCE009FB8DD /* rtime.c */,
			);
			path = time;
			sourceTree = "<group>";
		};
		95CC7ABA2C3BCCCE009FB8DD /* vfs */ = {
			isa = PBXGroup;
			children = (
				95CC7AB92C3BCCCE009FB8DD /* vfs_implementation.c */,
			);
			path = vfs;
			sourceTree = "<group>";
		};
		95CC7ABC2C3BCCCE009FB8DD /* libretro-common */ = {
			isa = PBXGroup;
			children = (
				95CC7A7D2C3BCCCE009FB8DD /* compat */,
				95CC7A7F2C3BCCCE009FB8DD /* encodings */,
				95CC7A822C3BCCCE009FB8DD /* file */,
				95CC7AAB2C3BCCCE009FB8DD /* include */,
				95CC7AB12C3BCCCE009FB8DD /* rthreads */,
				95CC7AB42C3BCCCE009FB8DD /* streams */,
				95CC7AB62C3BCCCE009FB8DD /* string */,
				95CC7AB82C3BCCCE009FB8DD /* time */,
				95CC7ABA2C3BCCCE009FB8DD /* vfs */,
				95CC7ABB2C3BCCCE009FB8DD /* memalign.c */,
			);
			path = "libretro-common";
			sourceTree = "<group>";
		};
		95CC7ACE2C3BCCCE009FB8DD /* src */ = {
			isa = PBXGroup;
			children = (
				95CC7ABD2C3BCCCE009FB8DD /* gba.cpp */,
				95CC7ABE2C3BCCCE009FB8DD /* gba.h */,
				95CC7ABF2C3BCCCE009FB8DD /* GBACheats.h */,
				95CC7AC02C3BCCCE009FB8DD /* globals.h */,
				95CC7AC12C3BCCCE009FB8DD /* memory.cpp */,
				95CC7AC22C3BCCCE009FB8DD /* memory.h */,
				95CC7AC32C3BCCCE009FB8DD /* neon_memcpy.S */,
				95CC7AC42C3BCCCE009FB8DD /* neon.h */,
				95CC7AC52C3BCCCE009FB8DD /* port.h */,
				95CC7AC62C3BCCCE009FB8DD /* sound_blargg.h */,
				95CC7AC72C3BCCCE009FB8DD /* sound.cpp */,
				95CC7AC82C3BCCCE009FB8DD /* sound.h */,
				95CC7AC92C3BCCCE009FB8DD /* system.cpp */,
				95CC7ACA2C3BCCCE009FB8DD /* system.h */,
				95CC7ACB2C3BCCCE009FB8DD /* thread.c */,
				95CC7ACC2C3BCCCE009FB8DD /* thread.h */,
				95CC7ACD2C3BCCCE009FB8DD /* types.h */,
			);
			path = src;
			sourceTree = "<group>";
		};
		95CC7AD52C3BCCCE009FB8DD /* vba-next */ = {
			isa = PBXGroup;
			children = (
				95CC7A6D2C3BCCCE009FB8DD /* build */,
				95CC7A772C3BCCCE009FB8DD /* libretro */,
				95CC7ABC2C3BCCCE009FB8DD /* libretro-common */,
				95CC7ACE2C3BCCCE009FB8DD /* src */,
				95CC7ACF2C3BCCCE009FB8DD /* .gitignore */,
				95CC7AD02C3BCCCE009FB8DD /* .gitlab-ci.yml */,
				95CC7AD12C3BCCCE009FB8DD /* .travis.yml */,
				95CC7AD22C3BCCCE009FB8DD /* LICENSE */,
				95CC7AD32C3BCCCE009FB8DD /* Makefile */,
				95CC7AD42C3BCCCE009FB8DD /* Makefile.libretro */,
			);
			path = "vba-next";
			sourceTree = "<group>";
		};
/* End PBXGroup section */

/* Begin PBXHeadersBuildPhase section */
		952C3BEB2C10419F00DF2832 /* Headers */ = {
			isa = PBXHeadersBuildPhase;
			buildActionMask = 2147483647;
			files = (
				95CC7B032C3BCCCE009FB8DD /* fnmatch.h in Headers */,
				95CC7B332C3BCCCE009FB8DD /* port.h in Headers */,
				95CC7B172C3BCCCE009FB8DD /* boolean.h in Headers */,
				95CC7B092C3BCCCE009FB8DD /* posix_string.h in Headers */,
				95CC7B2C2C3BCCCE009FB8DD /* gba.h in Headers */,
				95CC7B052C3BCCCE009FB8DD /* getopt.h in Headers */,
				95CC7B132C3BCCCE009FB8DD /* stdstring.h in Headers */,
				95CC7B0F2C3BCCCE009FB8DD /* file_path.h in Headers */,
				95CC7B302C3BCCCE009FB8DD /* memory.h in Headers */,
				95CC7B192C3BCCCE009FB8DD /* memalign.h in Headers */,
				95CC7B1B2C3BCCCE009FB8DD /* retro_common_api.h in Headers */,
				95CC7B102C3BCCCE009FB8DD /* rsemaphore.h in Headers */,
				95CC7B1D2C3BCCCE009FB8DD /* retro_environment.h in Headers */,
				95CC7B322C3BCCCE009FB8DD /* neon.h in Headers */,
				95CC7B3B2C3BCCCE009FB8DD /* types.h in Headers */,
				95CC7B0B2C3BCCCE009FB8DD /* strl.h in Headers */,
				95CC7B072C3BCCCE009FB8DD /* intrinsics.h in Headers */,
				95CC7B0D2C3BCCCE009FB8DD /* zutil.h in Headers */,
				95CC7B0C2C3BCCCE009FB8DD /* zlib.h in Headers */,
				95CC7B182C3BCCCE009FB8DD /* libretro.h in Headers */,
				95CC7B1C2C3BCCCE009FB8DD /* retro_common.h in Headers */,
				95CC7B1F2C3BCCCE009FB8DD /* retro_miscellaneous.h in Headers */,
				95CC7B112C3BCCCE009FB8DD /* rthreads.h in Headers */,
				95CC7B042C3BCCCE009FB8DD /* fopen_utf8.h in Headers */,
				95CC7B0A2C3BCCCE009FB8DD /* strcasestr.h in Headers */,
				95CC7B122C3BCCCE009FB8DD /* file_stream.h in Headers */,
				95CC7B1E2C3BCCCE009FB8DD /* retro_inline.h in Headers */,
				95CC7B2E2C3BCCCE009FB8DD /* globals.h in Headers */,
				95CC7AF62C3BCCCE009FB8DD /* libretro_core_options.h in Headers */,
				95CC7AF52C3BCCCE009FB8DD /* libretro_core_options_intl.h in Headers */,
				95CC7B1A2C3BCCCE009FB8DD /* retro_assert.h in Headers */,
				95CC7B022C3BCCCE009FB8DD /* apple_compat.h in Headers */,
				95CC7B142C3BCCCE009FB8DD /* rtime.h in Headers */,
				95CC7B082C3BCCCE009FB8DD /* msvc.h in Headers */,
				95CC7B212C3BCCCE009FB8DD /* psp_pthread.h in Headers */,
				95CC7B342C3BCCCE009FB8DD /* sound_blargg.h in Headers */,
				95CC7B2D2C3BCCCE009FB8DD /* GBACheats.h in Headers */,
				95CC7B162C3BCCCE009FB8DD /* vfs.h in Headers */,
				95CC7B3A2C3BCCCE009FB8DD /* thread.h in Headers */,
				952C3C012C1041A000DF2832 /* ArcadiaGBACore.h in Headers */,
				95CC7B062C3BCCCE009FB8DD /* ifaddrs.h in Headers */,
				95CC7B152C3BCCCE009FB8DD /* vfs_implementation.h in Headers */,
				95CC7B202C3BCCCE009FB8DD /* gx_pthread.h in Headers */,
				95CC7B362C3BCCCE009FB8DD /* sound.h in Headers */,
				95CC7B382C3BCCCE009FB8DD /* system.h in Headers */,
				95CC7B0E2C3BCCCE009FB8DD /* utf.h in Headers */,
			);
			runOnlyForDeploymentPostprocessing = 0;
		};
/* End PBXHeadersBuildPhase section */

/* Begin PBXNativeTarget section */
		952C3BEF2C10419F00DF2832 /* ArcadiaGBACore */ = {
			isa = PBXNativeTarget;
			buildConfigurationList = 952C3C042C1041A000DF2832 /* Build configuration list for PBXNativeTarget "ArcadiaGBACore" */;
			buildPhases = (
				952C3BEB2C10419F00DF2832 /* Headers */,
				952C3BEC2C10419F00DF2832 /* Sources */,
				952C3BED2C10419F00DF2832 /* Frameworks */,
				952C3BEE2C10419F00DF2832 /* Resources */,
			);
			buildRules = (
			);
			dependencies = (
			);
			name = ArcadiaGBACore;
			productName = ArcadiaGBACore;
			productReference = 952C3BF02C10419F00DF2832 /* ArcadiaGBACore.framework */;
			productType = "com.apple.product-type.framework";
		};
		952C3BF92C1041A000DF2832 /* ArcadiaGBACoreTests */ = {
			isa = PBXNativeTarget;
			buildConfigurationList = 952C3C072C1041A000DF2832 /* Build configuration list for PBXNativeTarget "ArcadiaGBACoreTests" */;
			buildPhases = (
				952C3BF62C1041A000DF2832 /* Sources */,
				952C3BF72C1041A000DF2832 /* Frameworks */,
				952C3BF82C1041A000DF2832 /* Resources */,
			);
			buildRules = (
			);
			dependencies = (
				952C3BFD2C1041A000DF2832 /* PBXTargetDependency */,
			);
			name = ArcadiaGBACoreTests;
			productName = ArcadiaGBACoreTests;
			productReference = 952C3BFA2C1041A000DF2832 /* ArcadiaGBACoreTests.xctest */;
			productType = "com.apple.product-type.bundle.unit-test";
		};
/* End PBXNativeTarget section */

/* Begin PBXProject section */
		952C3BE72C10419F00DF2832 /* Project object */ = {
			isa = PBXProject;
			attributes = {
				BuildIndependentTargetsInParallel = 1;
				LastSwiftUpdateCheck = 1540;
				LastUpgradeCheck = 1540;
				TargetAttributes = {
					952C3BEF2C10419F00DF2832 = {
						CreatedOnToolsVersion = 15.4;
					};
					952C3BF92C1041A000DF2832 = {
						CreatedOnToolsVersion = 15.4;
					};
				};
			};
			buildConfigurationList = 952C3BEA2C10419F00DF2832 /* Build configuration list for PBXProject "ArcadiaGBACore" */;
			compatibilityVersion = "Xcode 14.0";
			developmentRegion = en;
			hasScannedForEncodings = 0;
			knownRegions = (
				en,
				Base,
			);
			mainGroup = 952C3BE62C10419F00DF2832;
			productRefGroup = 952C3BF12C10419F00DF2832 /* Products */;
			projectDirPath = "";
			projectRoot = "";
			targets = (
				952C3BEF2C10419F00DF2832 /* ArcadiaGBACore */,
				952C3BF92C1041A000DF2832 /* ArcadiaGBACoreTests */,
			);
		};
/* End PBXProject section */

/* Begin PBXResourcesBuildPhase section */
		952C3BEE2C10419F00DF2832 /* Resources */ = {
			isa = PBXResourcesBuildPhase;
			buildActionMask = 2147483647;
			files = (
				95CC7B3C2C3BCCCE009FB8DD /* .gitignore in Resources */,
				95CC7ADC2C3BCCCE009FB8DD /* Makefile.android_x86 in Resources */,
				95CC7AEE2C3BCCCE009FB8DD /* Makefile.windows_msvc2017_desktop_x64 in Resources */,
				95CC7AEF2C3BCCCE009FB8DD /* Makefile.windows_msvc2017_desktop_x86 in Resources */,
				95CC7AD92C3BCCCE009FB8DD /* Makefile.android_armeabi-v7a in Resources */,
				95CC7ADD2C3BCCCE009FB8DD /* Makefile.android_x86_64 in Resources */,
				95CC7ADA2C3BCCCE009FB8DD /* Makefile.android_mips in Resources */,
				95CC7ADE2C3BCCCE009FB8DD /* Makefile.common in Resources */,
				95CC7ADB2C3BCCCE009FB8DD /* Makefile.android_mips64 in Resources */,
				95CC7AF12C3BCCCE009FB8DD /* Makefile.windows_x86_64 in Resources */,
				95CC7AEC2C3BCCCE009FB8DD /* Makefile.windows_msvc2010_x86 in Resources */,
				95CC7AEB2C3BCCCE009FB8DD /* Makefile.windows_msvc2010_x64 in Resources */,
				95CC7AE02C3BCCCE009FB8DD /* Makefile.linux_x86_64 in Resources */,
				95CC7AE92C3BCCCE009FB8DD /* Makefile.wii_ppc in Resources */,
				95CC7AEA2C3BCCCE009FB8DD /* Makefile.windows_msvc2005_x86 in Resources */,
				95CC7B412C3BCCCE009FB8DD /* Makefile.libretro in Resources */,
				95CC7AD82C3BCCCE009FB8DD /* Makefile.android_armeabi in Resources */,
				95CC7AF02C3BCCCE009FB8DD /* Makefile.windows_x86 in Resources */,
				95CC7AE22C3BCCCE009FB8DD /* Makefile.linux-portable_x86_64 in Resources */,
				95CC7ADF2C3BCCCE009FB8DD /* Makefile.linux_x86 in Resources */,
				95CC7B3E2C3BCCCE009FB8DD /* .travis.yml in Resources */,
				95CC7AED2C3BCCCE009FB8DD /* Makefile.windows_msvc2017_desktop_arm in Resources */,
				95CC7B3D2C3BCCCE009FB8DD /* .gitlab-ci.yml in Resources */,
				95CC7AD72C3BCCCE009FB8DD /* Makefile.android_arm64-v8a in Resources */,
				95CC7B3F2C3BCCCE009FB8DD /* LICENSE in Resources */,
				95CC7AE72C3BCCCE009FB8DD /* Makefile.rules in Resources */,
				95CC7AE62C3BCCCE009FB8DD /* Makefile.osx_x86_64 in Resources */,
				95CC7AE52C3BCCCE009FB8DD /* Makefile.osx_x86 in Resources */,
				95CC7AE82C3BCCCE009FB8DD /* Makefile.vita_arm in Resources */,
				95CC7AE12C3BCCCE009FB8DD /* Makefile.linux-portable_x86 in Resources */,
				95CC7AE42C3BCCCE009FB8DD /* Makefile.mingw_x86_64 in Resources */,
				95CC7AF32C3BCCCE009FB8DD /* Android.mk in Resources */,
				95CC7AF42C3BCCCE009FB8DD /* Application.mk in Resources */,
				95CC7AE32C3BCCCE009FB8DD /* Makefile.mingw_x86 in Resources */,
			);
			runOnlyForDeploymentPostprocessing = 0;
		};
		952C3BF82C1041A000DF2832 /* Resources */ = {
			isa = PBXResourcesBuildPhase;
			buildActionMask = 2147483647;
			files = (
			);
			runOnlyForDeploymentPostprocessing = 0;
		};
/* End PBXResourcesBuildPhase section */

/* Begin PBXSourcesBuildPhase section */
		952C3BEC2C10419F00DF2832 /* Sources */ = {
			isa = PBXSourcesBuildPhase;
			buildActionMask = 2147483647;
			files = (
				95CC7B272C3BCCCE009FB8DD /* stdstring.c in Sources */,
				95CC7B002C3BCCCE009FB8DD /* file_path.c in Sources */,
				95CC7AFB2C3BCCCE009FB8DD /* compat_strcasestr.c in Sources */,
				95CC7B252C3BCCCE009FB8DD /* file_stream_transforms.c in Sources */,
				95CC7AF72C3BCCCE009FB8DD /* libretro.cpp in Sources */,
				95CC7B2A2C3BCCCE009FB8DD /* memalign.c in Sources */,
				95CC7B352C3BCCCE009FB8DD /* sound.cpp in Sources */,
				95CC7AFA2C3BCCCE009FB8DD /* compat_snprintf.c in Sources */,
				952C3BF52C10419F00DF2832 /* ArcadiaGBACore.docc in Sources */,
				95CC7B392C3BCCCE009FB8DD /* thread.c in Sources */,
				95CC7AF92C3BCCCE009FB8DD /* compat_posix_string.c in Sources */,
				95CC7B292C3BCCCE009FB8DD /* vfs_implementation.c in Sources */,
				95CC7B222C3BCCCE009FB8DD /* rsemaphore.c in Sources */,
				95CC7B372C3BCCCE009FB8DD /* system.cpp in Sources */,
				95CC7B2B2C3BCCCE009FB8DD /* gba.cpp in Sources */,
				95CC7AFF2C3BCCCE009FB8DD /* file_path_io.c in Sources */,
				95CC7B262C3BCCCE009FB8DD /* file_stream.c in Sources */,
				95CC7B232C3BCCCE009FB8DD /* rthreads.c in Sources */,
				95CC7AF22C3BCCCE009FB8DD /* gbaconv.c in Sources */,
				95CC7B282C3BCCCE009FB8DD /* rtime.c in Sources */,
				95CC7AFE2C3BCCCE009FB8DD /* encoding_utf.c in Sources */,
				95CC7AFC2C3BCCCE009FB8DD /* compat_strl.c in Sources */,
				952C5E942C1060C600DF2832 /* ArcadiaGBACore.swift in Sources */,
				95CC7AFD2C3BCCCE009FB8DD /* fopen_utf8.c in Sources */,
				95CC7B402C3BCCCE009FB8DD /* Makefile in Sources */,
				95CC7B2F2C3BCCCE009FB8DD /* memory.cpp in Sources */,
			);
			runOnlyForDeploymentPostprocessing = 0;
		};
		952C3BF62C1041A000DF2832 /* Sources */ = {
			isa = PBXSourcesBuildPhase;
			buildActionMask = 2147483647;
			files = (
				952C3C002C1041A000DF2832 /* ArcadiaGBACoreTests.swift in Sources */,
			);
			runOnlyForDeploymentPostprocessing = 0;
		};
/* End PBXSourcesBuildPhase section */

/* Begin PBXTargetDependency section */
		952C3BFD2C1041A000DF2832 /* PBXTargetDependency */ = {
			isa = PBXTargetDependency;
			target = 952C3BEF2C10419F00DF2832 /* ArcadiaGBACore */;
			targetProxy = 952C3BFC2C1041A000DF2832 /* PBXContainerItemProxy */;
		};
/* End PBXTargetDependency section */

/* Begin XCBuildConfiguration section */
		952C3C022C1041A000DF2832 /* Debug */ = {
			isa = XCBuildConfiguration;
			buildSettings = {
				ALWAYS_SEARCH_USER_PATHS = NO;
				ASSETCATALOG_COMPILER_GENERATE_SWIFT_ASSET_SYMBOL_EXTENSIONS = YES;
				CLANG_ANALYZER_NONNULL = YES;
				CLANG_ANALYZER_NUMBER_OBJECT_CONVERSION = YES_AGGRESSIVE;
				CLANG_CXX_LANGUAGE_STANDARD = "gnu++20";
				CLANG_ENABLE_MODULES = YES;
				CLANG_ENABLE_OBJC_ARC = YES;
				CLANG_ENABLE_OBJC_WEAK = YES;
				CLANG_WARN_BLOCK_CAPTURE_AUTORELEASING = YES;
				CLANG_WARN_BOOL_CONVERSION = YES;
				CLANG_WARN_COMMA = YES;
				CLANG_WARN_CONSTANT_CONVERSION = YES;
				CLANG_WARN_DEPRECATED_OBJC_IMPLEMENTATIONS = YES;
				CLANG_WARN_DIRECT_OBJC_ISA_USAGE = YES_ERROR;
				CLANG_WARN_DOCUMENTATION_COMMENTS = YES;
				CLANG_WARN_EMPTY_BODY = YES;
				CLANG_WARN_ENUM_CONVERSION = YES;
				CLANG_WARN_INFINITE_RECURSION = YES;
				CLANG_WARN_INT_CONVERSION = YES;
				CLANG_WARN_NON_LITERAL_NULL_CONVERSION = YES;
				CLANG_WARN_OBJC_IMPLICIT_RETAIN_SELF = YES;
				CLANG_WARN_OBJC_LITERAL_CONVERSION = YES;
				CLANG_WARN_OBJC_ROOT_CLASS = YES_ERROR;
				CLANG_WARN_QUOTED_INCLUDE_IN_FRAMEWORK_HEADER = YES;
				CLANG_WARN_RANGE_LOOP_ANALYSIS = YES;
				CLANG_WARN_STRICT_PROTOTYPES = YES;
				CLANG_WARN_SUSPICIOUS_MOVE = YES;
				CLANG_WARN_UNGUARDED_AVAILABILITY = YES_AGGRESSIVE;
				CLANG_WARN_UNREACHABLE_CODE = YES;
				CLANG_WARN__DUPLICATE_METHOD_MATCH = YES;
				COPY_PHASE_STRIP = NO;
				CURRENT_PROJECT_VERSION = 1;
				DEBUG_INFORMATION_FORMAT = dwarf;
				ENABLE_STRICT_OBJC_MSGSEND = YES;
				ENABLE_TESTABILITY = YES;
				ENABLE_USER_SCRIPT_SANDBOXING = YES;
				GCC_C_LANGUAGE_STANDARD = gnu17;
				GCC_DYNAMIC_NO_PIC = NO;
				GCC_NO_COMMON_BLOCKS = YES;
				GCC_OPTIMIZATION_LEVEL = 0;
				GCC_PREPROCESSOR_DEFINITIONS = (
					"DEBUG=1",
					"$(inherited)",
				);
				GCC_WARN_64_TO_32_BIT_CONVERSION = YES;
				GCC_WARN_ABOUT_RETURN_TYPE = YES_ERROR;
				GCC_WARN_UNDECLARED_SELECTOR = YES;
				GCC_WARN_UNINITIALIZED_AUTOS = YES_AGGRESSIVE;
				GCC_WARN_UNUSED_FUNCTION = YES;
				GCC_WARN_UNUSED_VARIABLE = YES;
				LOCALIZATION_PREFERS_STRING_CATALOGS = YES;
				MTL_ENABLE_DEBUG_INFO = INCLUDE_SOURCE;
				MTL_FAST_MATH = YES;
				ONLY_ACTIVE_ARCH = YES;
				SWIFT_ACTIVE_COMPILATION_CONDITIONS = "DEBUG $(inherited)";
				SWIFT_OPTIMIZATION_LEVEL = "-Onone";
				VERSIONING_SYSTEM = "apple-generic";
				VERSION_INFO_PREFIX = "";
			};
			name = Debug;
		};
		952C3C032C1041A000DF2832 /* Release */ = {
			isa = XCBuildConfiguration;
			buildSettings = {
				ALWAYS_SEARCH_USER_PATHS = NO;
				ASSETCATALOG_COMPILER_GENERATE_SWIFT_ASSET_SYMBOL_EXTENSIONS = YES;
				CLANG_ANALYZER_NONNULL = YES;
				CLANG_ANALYZER_NUMBER_OBJECT_CONVERSION = YES_AGGRESSIVE;
				CLANG_CXX_LANGUAGE_STANDARD = "gnu++20";
				CLANG_ENABLE_MODULES = YES;
				CLANG_ENABLE_OBJC_ARC = YES;
				CLANG_ENABLE_OBJC_WEAK = YES;
				CLANG_WARN_BLOCK_CAPTURE_AUTORELEASING = YES;
				CLANG_WARN_BOOL_CONVERSION = YES;
				CLANG_WARN_COMMA = YES;
				CLANG_WARN_CONSTANT_CONVERSION = YES;
				CLANG_WARN_DEPRECATED_OBJC_IMPLEMENTATIONS = YES;
				CLANG_WARN_DIRECT_OBJC_ISA_USAGE = YES_ERROR;
				CLANG_WARN_DOCUMENTATION_COMMENTS = YES;
				CLANG_WARN_EMPTY_BODY = YES;
				CLANG_WARN_ENUM_CONVERSION = YES;
				CLANG_WARN_INFINITE_RECURSION = YES;
				CLANG_WARN_INT_CONVERSION = YES;
				CLANG_WARN_NON_LITERAL_NULL_CONVERSION = YES;
				CLANG_WARN_OBJC_IMPLICIT_RETAIN_SELF = YES;
				CLANG_WARN_OBJC_LITERAL_CONVERSION = YES;
				CLANG_WARN_OBJC_ROOT_CLASS = YES_ERROR;
				CLANG_WARN_QUOTED_INCLUDE_IN_FRAMEWORK_HEADER = YES;
				CLANG_WARN_RANGE_LOOP_ANALYSIS = YES;
				CLANG_WARN_STRICT_PROTOTYPES = YES;
				CLANG_WARN_SUSPICIOUS_MOVE = YES;
				CLANG_WARN_UNGUARDED_AVAILABILITY = YES_AGGRESSIVE;
				CLANG_WARN_UNREACHABLE_CODE = YES;
				CLANG_WARN__DUPLICATE_METHOD_MATCH = YES;
				COPY_PHASE_STRIP = NO;
				CURRENT_PROJECT_VERSION = 1;
				DEBUG_INFORMATION_FORMAT = "dwarf-with-dsym";
				ENABLE_NS_ASSERTIONS = NO;
				ENABLE_STRICT_OBJC_MSGSEND = YES;
				ENABLE_USER_SCRIPT_SANDBOXING = YES;
				GCC_C_LANGUAGE_STANDARD = gnu17;
				GCC_NO_COMMON_BLOCKS = YES;
				GCC_WARN_64_TO_32_BIT_CONVERSION = YES;
				GCC_WARN_ABOUT_RETURN_TYPE = YES_ERROR;
				GCC_WARN_UNDECLARED_SELECTOR = YES;
				GCC_WARN_UNINITIALIZED_AUTOS = YES_AGGRESSIVE;
				GCC_WARN_UNUSED_FUNCTION = YES;
				GCC_WARN_UNUSED_VARIABLE = YES;
				LOCALIZATION_PREFERS_STRING_CATALOGS = YES;
				MTL_ENABLE_DEBUG_INFO = NO;
				MTL_FAST_MATH = YES;
				SWIFT_COMPILATION_MODE = wholemodule;
				VERSIONING_SYSTEM = "apple-generic";
				VERSION_INFO_PREFIX = "";
			};
			name = Release;
		};
		952C3C052C1041A000DF2832 /* Debug */ = {
			isa = XCBuildConfiguration;
			buildSettings = {
				ALLOW_TARGET_PLATFORM_SPECIALIZATION = YES;
				BUILD_LIBRARY_FOR_DISTRIBUTION = YES;
				CODE_SIGN_STYLE = Automatic;
				CURRENT_PROJECT_VERSION = 1;
				DEFINES_MODULE = YES;
				DEVELOPMENT_TEAM = 32DR4Q2NF7;
				DYLIB_COMPATIBILITY_VERSION = 1;
				DYLIB_CURRENT_VERSION = 1;
				DYLIB_INSTALL_NAME_BASE = "@rpath";
				ENABLE_MODULE_VERIFIER = YES;
				GENERATE_INFOPLIST_FILE = YES;
				HEADER_SEARCH_PATHS = "${PROJECT_DIR}/ArcadiaGBACore/vba-next/libretro-common/include";
				INFOPLIST_KEY_NSHumanReadableCopyright = "";
				INSTALL_PATH = "$(LOCAL_LIBRARY_DIR)/Frameworks";
				IPHONEOS_DEPLOYMENT_TARGET = 17.5;
				LD_RUNPATH_SEARCH_PATHS = (
					"@executable_path/Frameworks",
					"@loader_path/Frameworks",
				);
				"LD_RUNPATH_SEARCH_PATHS[sdk=macosx*]" = (
					"@executable_path/../Frameworks",
					"@loader_path/Frameworks",
				);
				MACOSX_DEPLOYMENT_TARGET = 14.0;
				MARKETING_VERSION = 1.0;
				MODULE_VERIFIER_SUPPORTED_LANGUAGES = "objective-c objective-c++";
				MODULE_VERIFIER_SUPPORTED_LANGUAGE_STANDARDS = "gnu17 gnu++20";
				OTHER_CFLAGS = (
					"-DINLINE=inline",
					"-O2",
					"-DNDEBUG",
					"-DHAVE_STDINT_H",
					"-DHAVE_INTTYPES_H",
					"-DFRONTEND_SUPPORTS_RGB565",
					"-DUSE_CHEATS",
					"-DLOAD_FROM_MEMORY",
				);
				PRODUCT_BUNDLE_IDENTIFIER = com.davideandreoli.ArcadiaGBACore;
				PRODUCT_NAME = "$(TARGET_NAME:c99extidentifier)";
				SDKROOT = auto;
				SKIP_INSTALL = YES;
				SUPPORTED_PLATFORMS = "iphoneos iphonesimulator macosx";
				SWIFT_EMIT_LOC_STRINGS = YES;
				SWIFT_INSTALL_OBJC_HEADER = NO;
				SWIFT_VERSION = 5.0;
				TARGETED_DEVICE_FAMILY = "1,2";
			};
			name = Debug;
		};
		952C3C062C1041A000DF2832 /* Release */ = {
			isa = XCBuildConfiguration;
			buildSettings = {
				ALLOW_TARGET_PLATFORM_SPECIALIZATION = YES;
				BUILD_LIBRARY_FOR_DISTRIBUTION = YES;
				CODE_SIGN_STYLE = Automatic;
				CURRENT_PROJECT_VERSION = 1;
				DEFINES_MODULE = YES;
				DEVELOPMENT_TEAM = 32DR4Q2NF7;
				DYLIB_COMPATIBILITY_VERSION = 1;
				DYLIB_CURRENT_VERSION = 1;
				DYLIB_INSTALL_NAME_BASE = "@rpath";
				ENABLE_MODULE_VERIFIER = YES;
				GENERATE_INFOPLIST_FILE = YES;
				HEADER_SEARCH_PATHS = "${PROJECT_DIR}/ArcadiaGBACore/vba-next/libretro-common/include";
				INFOPLIST_KEY_NSHumanReadableCopyright = "";
				INSTALL_PATH = "$(LOCAL_LIBRARY_DIR)/Frameworks";
				IPHONEOS_DEPLOYMENT_TARGET = 17.5;
				LD_RUNPATH_SEARCH_PATHS = (
					"@executable_path/Frameworks",
					"@loader_path/Frameworks",
				);
				"LD_RUNPATH_SEARCH_PATHS[sdk=macosx*]" = (
					"@executable_path/../Frameworks",
					"@loader_path/Frameworks",
				);
				MACOSX_DEPLOYMENT_TARGET = 14.0;
				MARKETING_VERSION = 1.0;
				MODULE_VERIFIER_SUPPORTED_LANGUAGES = "objective-c objective-c++";
				MODULE_VERIFIER_SUPPORTED_LANGUAGE_STANDARDS = "gnu17 gnu++20";
				OTHER_CFLAGS = (
					"-DINLINE=inline",
					"-O2",
					"-DNDEBUG",
					"-DHAVE_STDINT_H",
					"-DHAVE_INTTYPES_H",
					"-DFRONTEND_SUPPORTS_RGB565",
					"-DUSE_CHEATS",
					"-DLOAD_FROM_MEMORY",
				);
				PRODUCT_BUNDLE_IDENTIFIER = com.davideandreoli.ArcadiaGBACore;
				PRODUCT_NAME = "$(TARGET_NAME:c99extidentifier)";
				SDKROOT = auto;
				SKIP_INSTALL = YES;
				SUPPORTED_PLATFORMS = "iphoneos iphonesimulator macosx";
				SWIFT_EMIT_LOC_STRINGS = YES;
				SWIFT_INSTALL_OBJC_HEADER = NO;
				SWIFT_VERSION = 5.0;
				TARGETED_DEVICE_FAMILY = "1,2";
			};
			name = Release;
		};
		952C3C082C1041A000DF2832 /* Debug */ = {
			isa = XCBuildConfiguration;
			buildSettings = {
				ALLOW_TARGET_PLATFORM_SPECIALIZATION = YES;
				ALWAYS_EMBED_SWIFT_STANDARD_LIBRARIES = YES;
				CODE_SIGN_STYLE = Automatic;
				CURRENT_PROJECT_VERSION = 1;
				DEVELOPMENT_TEAM = 32DR4Q2NF7;
				GENERATE_INFOPLIST_FILE = YES;
				IPHONEOS_DEPLOYMENT_TARGET = 17.5;
				MACOSX_DEPLOYMENT_TARGET = 14.0;
				MARKETING_VERSION = 1.0;
				PRODUCT_BUNDLE_IDENTIFIER = com.davideandreoli.ArcadiaGBACoreTests;
				PRODUCT_NAME = "$(TARGET_NAME)";
				SDKROOT = auto;
				SUPPORTED_PLATFORMS = "iphoneos iphonesimulator macosx";
				SWIFT_EMIT_LOC_STRINGS = NO;
				SWIFT_VERSION = 5.0;
				TARGETED_DEVICE_FAMILY = "1,2";
			};
			name = Debug;
		};
		952C3C092C1041A000DF2832 /* Release */ = {
			isa = XCBuildConfiguration;
			buildSettings = {
				ALLOW_TARGET_PLATFORM_SPECIALIZATION = YES;
				ALWAYS_EMBED_SWIFT_STANDARD_LIBRARIES = YES;
				CODE_SIGN_STYLE = Automatic;
				CURRENT_PROJECT_VERSION = 1;
				DEVELOPMENT_TEAM = 32DR4Q2NF7;
				GENERATE_INFOPLIST_FILE = YES;
				IPHONEOS_DEPLOYMENT_TARGET = 17.5;
				MACOSX_DEPLOYMENT_TARGET = 14.0;
				MARKETING_VERSION = 1.0;
				PRODUCT_BUNDLE_IDENTIFIER = com.davideandreoli.ArcadiaGBACoreTests;
				PRODUCT_NAME = "$(TARGET_NAME)";
				SDKROOT = auto;
				SUPPORTED_PLATFORMS = "iphoneos iphonesimulator macosx";
				SWIFT_EMIT_LOC_STRINGS = NO;
				SWIFT_VERSION = 5.0;
				TARGETED_DEVICE_FAMILY = "1,2";
			};
			name = Release;
		};
/* End XCBuildConfiguration section */

/* Begin XCConfigurationList section */
		952C3BEA2C10419F00DF2832 /* Build configuration list for PBXProject "ArcadiaGBACore" */ = {
			isa = XCConfigurationList;
			buildConfigurations = (
				952C3C022C1041A000DF2832 /* Debug */,
				952C3C032C1041A000DF2832 /* Release */,
			);
			defaultConfigurationIsVisible = 0;
			defaultConfigurationName = Release;
		};
		952C3C042C1041A000DF2832 /* Build configuration list for PBXNativeTarget "ArcadiaGBACore" */ = {
			isa = XCConfigurationList;
			buildConfigurations = (
				952C3C052C1041A000DF2832 /* Debug */,
				952C3C062C1041A000DF2832 /* Release */,
			);
			defaultConfigurationIsVisible = 0;
			defaultConfigurationName = Release;
		};
		952C3C072C1041A000DF2832 /* Build configuration list for PBXNativeTarget "ArcadiaGBACoreTests" */ = {
			isa = XCConfigurationList;
			buildConfigurations = (
				952C3C082C1041A000DF2832 /* Debug */,
				952C3C092C1041A000DF2832 /* Release */,
			);
			defaultConfigurationIsVisible = 0;
			defaultConfigurationName = Release;
		};
/* End XCConfigurationList section */
	};
	rootObject = 952C3BE72C10419F00DF2832 /* Project object */;
}
